// !$*UTF8*$!
{
	archiveVersion = 1;
	classes = {
	};
	objectVersion = 46;
	objects = {

/* Begin PBXBuildFile section */
		009139DA187AD1CE00746CE4 /* Foundation.framework in Frameworks */ = {isa = PBXBuildFile; fileRef = 009139D9187AD1CE00746CE4 /* Foundation.framework */; };
		009139DC187AD1CE00746CE4 /* CoreGraphics.framework in Frameworks */ = {isa = PBXBuildFile; fileRef = 009139DB187AD1CE00746CE4 /* CoreGraphics.framework */; };
		009139DE187AD1CE00746CE4 /* UIKit.framework in Frameworks */ = {isa = PBXBuildFile; fileRef = 009139DD187AD1CE00746CE4 /* UIKit.framework */; };
		009139E4187AD1CE00746CE4 /* InfoPlist.strings in Resources */ = {isa = PBXBuildFile; fileRef = 009139E2187AD1CE00746CE4 /* InfoPlist.strings */; };
		009139E6187AD1CE00746CE4 /* main.m in Sources */ = {isa = PBXBuildFile; fileRef = 009139E5187AD1CE00746CE4 /* main.m */; };
		009139EA187AD1CE00746CE4 /* AppDelegate.m in Sources */ = {isa = PBXBuildFile; fileRef = 009139E9187AD1CE00746CE4 /* AppDelegate.m */; };
		009139ED187AD1CE00746CE4 /* Main.storyboard in Resources */ = {isa = PBXBuildFile; fileRef = 009139EB187AD1CE00746CE4 /* Main.storyboard */; };
		009139F0187AD1CE00746CE4 /* ViewController.m in Sources */ = {isa = PBXBuildFile; fileRef = 009139EF187AD1CE00746CE4 /* ViewController.m */; };
		009139F2187AD1CE00746CE4 /* Images.xcassets in Resources */ = {isa = PBXBuildFile; fileRef = 009139F1187AD1CE00746CE4 /* Images.xcassets */; };
		009139F9187AD1CE00746CE4 /* XCTest.framework in Frameworks */ = {isa = PBXBuildFile; fileRef = 009139F8187AD1CE00746CE4 /* XCTest.framework */; };
		009139FA187AD1CE00746CE4 /* Foundation.framework in Frameworks */ = {isa = PBXBuildFile; fileRef = 009139D9187AD1CE00746CE4 /* Foundation.framework */; };
		009139FB187AD1CE00746CE4 /* UIKit.framework in Frameworks */ = {isa = PBXBuildFile; fileRef = 009139DD187AD1CE00746CE4 /* UIKit.framework */; };
		00913A03187AD1CE00746CE4 /* InfoPlist.strings in Resources */ = {isa = PBXBuildFile; fileRef = 00913A01187AD1CE00746CE4 /* InfoPlist.strings */; };
		00913A05187AD1CE00746CE4 /* p201CartProductCellTests.m in Sources */ = {isa = PBXBuildFile; fileRef = 00913A04187AD1CE00746CE4 /* p201CartProductCellTests.m */; };
		00913A10187AD1FC00746CE4 /* Product.m in Sources */ = {isa = PBXBuildFile; fileRef = 00913A0F187AD1FC00746CE4 /* Product.m */; };
		00913A16187AD20100746CE4 /* car1.png in Resources */ = {isa = PBXBuildFile; fileRef = 00913A11187AD20100746CE4 /* car1.png */; };
		00913A17187AD20100746CE4 /* car2.png in Resources */ = {isa = PBXBuildFile; fileRef = 00913A12187AD20100746CE4 /* car2.png */; };
		00913A18187AD20100746CE4 /* car3.png in Resources */ = {isa = PBXBuildFile; fileRef = 00913A13187AD20100746CE4 /* car3.png */; };
		00913A19187AD20100746CE4 /* car4.png in Resources */ = {isa = PBXBuildFile; fileRef = 00913A14187AD20100746CE4 /* car4.png */; };
		00913A1A187AD20100746CE4 /* car5.png in Resources */ = {isa = PBXBuildFile; fileRef = 00913A15187AD20100746CE4 /* car5.png */; };
		00913A24187AD2AE00746CE4 /* ProductCell.m in Sources */ = {isa = PBXBuildFile; fileRef = 00913A23187AD2AE00746CE4 /* ProductCell.m */; };
/* End PBXBuildFile section */

/* Begin PBXContainerItemProxy section */
		009139FC187AD1CE00746CE4 /* PBXContainerItemProxy */ = {
			isa = PBXContainerItemProxy;
			containerPortal = 009139CE187AD1CD00746CE4 /* Project object */;
			proxyType = 1;
			remoteGlobalIDString = 009139D5187AD1CE00746CE4;
			remoteInfo = p201CartProductCell;
		};
/* End PBXContainerItemProxy section */

/* Begin PBXFileReference section */
		009139D6187AD1CE00746CE4 /* p201CartProductCell.app */ = {isa = PBXFileReference; explicitFileType = wrapper.application; includeInIndex = 0; path = p201CartProductCell.app; sourceTree = BUILT_PRODUCTS_DIR; };
		009139D9187AD1CE00746CE4 /* Foundation.framework */ = {isa = PBXFileReference; lastKnownFileType = wrapper.framework; name = Foundation.framework; path = System/Library/Frameworks/Foundation.framework; sourceTree = SDKROOT; };
		009139DB187AD1CE00746CE4 /* CoreGraphics.framework */ = {isa = PBXFileReference; lastKnownFileType = wrapper.framework; name = CoreGraphics.framework; path = System/Library/Frameworks/CoreGraphics.framework; sourceTree = SDKROOT; };
		009139DD187AD1CE00746CE4 /* UIKit.framework */ = {isa = PBXFileReference; lastKnownFileType = wrapper.framework; name = UIKit.framework; path = System/Library/Frameworks/UIKit.framework; sourceTree = SDKROOT; };
		009139E1187AD1CE00746CE4 /* p201CartProductCell-Info.plist */ = {isa = PBXFileReference; lastKnownFileType = text.plist.xml; path = "p201CartProductCell-Info.plist"; sourceTree = "<group>"; };
		009139E3187AD1CE00746CE4 /* en */ = {isa = PBXFileReference; lastKnownFileType = text.plist.strings; name = en; path = en.lproj/InfoPlist.strings; sourceTree = "<group>"; };
		009139E5187AD1CE00746CE4 /* main.m */ = {isa = PBXFileReference; lastKnownFileType = sourcecode.c.objc; path = main.m; sourceTree = "<group>"; };
		009139E7187AD1CE00746CE4 /* p201CartProductCell-Prefix.pch */ = {isa = PBXFileReference; lastKnownFileType = sourcecode.c.h; path = "p201CartProductCell-Prefix.pch"; sourceTree = "<group>"; };
		009139E8187AD1CE00746CE4 /* AppDelegate.h */ = {isa = PBXFileReference; lastKnownFileType = sourcecode.c.h; path = AppDelegate.h; sourceTree = "<group>"; };
		009139E9187AD1CE00746CE4 /* AppDelegate.m */ = {isa = PBXFileReference; lastKnownFileType = sourcecode.c.objc; path = AppDelegate.m; sourceTree = "<group>"; };
		009139EC187AD1CE00746CE4 /* Base */ = {isa = PBXFileReference; lastKnownFileType = file.storyboard; name = Base; path = Base.lproj/Main.storyboard; sourceTree = "<group>"; };
		009139EE187AD1CE00746CE4 /* ViewController.h */ = {isa = PBXFileReference; lastKnownFileType = sourcecode.c.h; path = ViewController.h; sourceTree = "<group>"; };
		009139EF187AD1CE00746CE4 /* ViewController.m */ = {isa = PBXFileReference; lastKnownFileType = sourcecode.c.objc; path = ViewController.m; sourceTree = "<group>"; };
		009139F1187AD1CE00746CE4 /* Images.xcassets */ = {isa = PBXFileReference; lastKnownFileType = folder.assetcatalog; path = Images.xcassets; sourceTree = "<group>"; };
		009139F7187AD1CE00746CE4 /* p201CartProductCellTests.xctest */ = {isa = PBXFileReference; explicitFileType = wrapper.cfbundle; includeInIndex = 0; path = p201CartProductCellTests.xctest; sourceTree = BUILT_PRODUCTS_DIR; };
		009139F8187AD1CE00746CE4 /* XCTest.framework */ = {isa = PBXFileReference; lastKnownFileType = wrapper.framework; name = XCTest.framework; path = Library/Frameworks/XCTest.framework; sourceTree = DEVELOPER_DIR; };
		00913A00187AD1CE00746CE4 /* p201CartProductCellTests-Info.plist */ = {isa = PBXFileReference; lastKnownFileType = text.plist.xml; path = "p201CartProductCellTests-Info.plist"; sourceTree = "<group>"; };
		00913A02187AD1CE00746CE4 /* en */ = {isa = PBXFileReference; lastKnownFileType = text.plist.strings; name = en; path = en.lproj/InfoPlist.strings; sourceTree = "<group>"; };
		00913A04187AD1CE00746CE4 /* p201CartProductCellTests.m */ = {isa = PBXFileReference; lastKnownFileType = sourcecode.c.objc; path = p201CartProductCellTests.m; sourceTree = "<group>"; };
		00913A0E187AD1FC00746CE4 /* Product.h */ = {isa = PBXFileReference; fileEncoding = 4; lastKnownFileType = sourcecode.c.h; path = Product.h; sourceTree = "<group>"; };
		00913A0F187AD1FC00746CE4 /* Product.m */ = {isa = PBXFileReference; fileEncoding = 4; lastKnownFileType = sourcecode.c.objc; path = Product.m; sourceTree = "<group>"; };
		00913A11187AD20100746CE4 /* car1.png */ = {isa = PBXFileReference; lastKnownFileType = image.png; path = car1.png; sourceTree = "<group>"; };
		00913A12187AD20100746CE4 /* car2.png */ = {isa = PBXFileReference; lastKnownFileType = image.png; path = car2.png; sourceTree = "<group>"; };
		00913A13187AD20100746CE4 /* car3.png */ = {isa = PBXFileReference; lastKnownFileType = image.png; path = car3.png; sourceTree = "<group>"; };
		00913A14187AD20100746CE4 /* car4.png */ = {isa = PBXFileReference; lastKnownFileType = image.png; path = car4.png; sourceTree = "<group>"; };
		00913A15187AD20100746CE4 /* car5.png */ = {isa = PBXFileReference; lastKnownFileType = image.png; path = car5.png; sourceTree = "<group>"; };
		00913A21187AD28E00746CE4 /* CartDelegate.h */ = {isa = PBXFileReference; lastKnownFileType = sourcecode.c.h; path = CartDelegate.h; sourceTree = "<group>"; };
		00913A22187AD2AE00746CE4 /* ProductCell.h */ = {isa = PBXFileReference; fileEncoding = 4; lastKnownFileType = sourcecode.c.h; path = ProductCell.h; sourceTree = "<group>"; };
		00913A23187AD2AE00746CE4 /* ProductCell.m */ = {isa = PBXFileReference; fileEncoding = 4; lastKnownFileType = sourcecode.c.objc; path = ProductCell.m; sourceTree = "<group>"; };
/* End PBXFileReference section */

/* Begin PBXFrameworksBuildPhase section */
		009139D3187AD1CE00746CE4 /* Frameworks */ = {
			isa = PBXFrameworksBuildPhase;
			buildActionMask = 2147483647;
			files = (
				009139DC187AD1CE00746CE4 /* CoreGraphics.framework in Frameworks */,
				009139DE187AD1CE00746CE4 /* UIKit.framework in Frameworks */,
				009139DA187AD1CE00746CE4 /* Foundation.framework in Frameworks */,
			);
			runOnlyForDeploymentPostprocessing = 0;
		};
		009139F4187AD1CE00746CE4 /* Frameworks */ = {
			isa = PBXFrameworksBuildPhase;
			buildActionMask = 2147483647;
			files = (
				009139F9187AD1CE00746CE4 /* XCTest.framework in Frameworks */,
				009139FB187AD1CE00746CE4 /* UIKit.framework in Frameworks */,
				009139FA187AD1CE00746CE4 /* Foundation.framework in Frameworks */,
			);
			runOnlyForDeploymentPostprocessing = 0;
		};
/* End PBXFrameworksBuildPhase section */

/* Begin PBXGroup section */
		009139CD187AD1CD00746CE4 = {
			isa = PBXGroup;
			children = (
				00913A11187AD20100746CE4 /* car1.png */,
				00913A12187AD20100746CE4 /* car2.png */,
				00913A13187AD20100746CE4 /* car3.png */,
				00913A14187AD20100746CE4 /* car4.png */,
				00913A15187AD20100746CE4 /* car5.png */,
				009139DF187AD1CE00746CE4 /* p201CartProductCell */,
				009139FE187AD1CE00746CE4 /* p201CartProductCellTests */,
				009139D8187AD1CE00746CE4 /* Frameworks */,
				009139D7187AD1CE00746CE4 /* Products */,
			);
			sourceTree = "<group>";
		};
		009139D7187AD1CE00746CE4 /* Products */ = {
			isa = PBXGroup;
			children = (
				009139D6187AD1CE00746CE4 /* p201CartProductCell.app */,
				009139F7187AD1CE00746CE4 /* p201CartProductCellTests.xctest */,
			);
			name = Products;
			sourceTree = "<group>";
		};
		009139D8187AD1CE00746CE4 /* Frameworks */ = {
			isa = PBXGroup;
			children = (
				009139D9187AD1CE00746CE4 /* Foundation.framework */,
				009139DB187AD1CE00746CE4 /* CoreGraphics.framework */,
				009139DD187AD1CE00746CE4 /* UIKit.framework */,
				009139F8187AD1CE00746CE4 /* XCTest.framework */,
			);
			name = Frameworks;
			sourceTree = "<group>";
		};
		009139DF187AD1CE00746CE4 /* p201CartProductCell */ = {
			isa = PBXGroup;
			children = (
				00913A22187AD2AE00746CE4 /* ProductCell.h */,
				00913A23187AD2AE00746CE4 /* ProductCell.m */,
				00913A0E187AD1FC00746CE4 /* Product.h */,
				00913A0F187AD1FC00746CE4 /* Product.m */,
				009139E8187AD1CE00746CE4 /* AppDelegate.h */,
				009139E9187AD1CE00746CE4 /* AppDelegate.m */,
				009139EB187AD1CE00746CE4 /* Main.storyboard */,
				009139EE187AD1CE00746CE4 /* ViewController.h */,
				009139EF187AD1CE00746CE4 /* ViewController.m */,
				009139F1187AD1CE00746CE4 /* Images.xcassets */,
				009139E0187AD1CE00746CE4 /* Supporting Files */,
				00913A21187AD28E00746CE4 /* CartDelegate.h */,
			);
			path = p201CartProductCell;
			sourceTree = "<group>";
		};
		009139E0187AD1CE00746CE4 /* Supporting Files */ = {
			isa = PBXGroup;
			children = (
				009139E1187AD1CE00746CE4 /* p201CartProductCell-Info.plist */,
				009139E2187AD1CE00746CE4 /* InfoPlist.strings */,
				009139E5187AD1CE00746CE4 /* main.m */,
				009139E7187AD1CE00746CE4 /* p201CartProductCell-Prefix.pch */,
			);
			name = "Supporting Files";
			sourceTree = "<group>";
		};
		009139FE187AD1CE00746CE4 /* p201CartProductCellTests */ = {
			isa = PBXGroup;
			children = (
				00913A04187AD1CE00746CE4 /* p201CartProductCellTests.m */,
				009139FF187AD1CE00746CE4 /* Supporting Files */,
			);
			path = p201CartProductCellTests;
			sourceTree = "<group>";
		};
		009139FF187AD1CE00746CE4 /* Supporting Files */ = {
			isa = PBXGroup;
			children = (
				00913A00187AD1CE00746CE4 /* p201CartProductCellTests-Info.plist */,
				00913A01187AD1CE00746CE4 /* InfoPlist.strings */,
			);
			name = "Supporting Files";
			sourceTree = "<group>";
		};
/* End PBXGroup section */

/* Begin PBXNativeTarget section */
		009139D5187AD1CE00746CE4 /* p201CartProductCell */ = {
			isa = PBXNativeTarget;
			buildConfigurationList = 00913A08187AD1CE00746CE4 /* Build configuration list for PBXNativeTarget "p201CartProductCell" */;
			buildPhases = (
				009139D2187AD1CE00746CE4 /* Sources */,
				009139D3187AD1CE00746CE4 /* Frameworks */,
				009139D4187AD1CE00746CE4 /* Resources */,
			);
			buildRules = (
			);
			dependencies = (
			);
			name = p201CartProductCell;
			productName = p201CartProductCell;
			productReference = 009139D6187AD1CE00746CE4 /* p201CartProductCell.app */;
			productType = "com.apple.product-type.application";
		};
		009139F6187AD1CE00746CE4 /* p201CartProductCellTests */ = {
			isa = PBXNativeTarget;
			buildConfigurationList = 00913A0B187AD1CE00746CE4 /* Build configuration list for PBXNativeTarget "p201CartProductCellTests" */;
			buildPhases = (
				009139F3187AD1CE00746CE4 /* Sources */,
				009139F4187AD1CE00746CE4 /* Frameworks */,
				009139F5187AD1CE00746CE4 /* Resources */,
			);
			buildRules = (
			);
			dependencies = (
				009139FD187AD1CE00746CE4 /* PBXTargetDependency */,
			);
			name = p201CartProductCellTests;
			productName = p201CartProductCellTests;
			productReference = 009139F7187AD1CE00746CE4 /* p201CartProductCellTests.xctest */;
			productType = "com.apple.product-type.bundle.unit-test";
		};
/* End PBXNativeTarget section */

/* Begin PBXProject section */
		009139CE187AD1CD00746CE4 /* Project object */ = {
			isa = PBXProject;
			attributes = {
				LastUpgradeCheck = 0500;
				ORGANIZATIONNAME = "SDT-1";
				TargetAttributes = {
					009139F6187AD1CE00746CE4 = {
						TestTargetID = 009139D5187AD1CE00746CE4;
					};
				};
			};
			buildConfigurationList = 009139D1187AD1CD00746CE4 /* Build configuration list for PBXProject "p201CartProductCell" */;
			compatibilityVersion = "Xcode 3.2";
			developmentRegion = English;
			hasScannedForEncodings = 0;
			knownRegions = (
				en,
				Base,
			);
			mainGroup = 009139CD187AD1CD00746CE4;
			productRefGroup = 009139D7187AD1CE00746CE4 /* Products */;
			projectDirPath = "";
			projectRoot = "";
			targets = (
				009139D5187AD1CE00746CE4 /* p201CartProductCell */,
				009139F6187AD1CE00746CE4 /* p201CartProductCellTests */,
			);
		};
/* End PBXProject section */

/* Begin PBXResourcesBuildPhase section */
		009139D4187AD1CE00746CE4 /* Resources */ = {
			isa = PBXResourcesBuildPhase;
			buildActionMask = 2147483647;
			files = (
				009139F2187AD1CE00746CE4 /* Images.xcassets in Resources */,
				00913A17187AD20100746CE4 /* car2.png in Resources */,
				00913A18187AD20100746CE4 /* car3.png in Resources */,
				00913A19187AD20100746CE4 /* car4.png in Resources */,
				009139E4187AD1CE00746CE4 /* InfoPlist.strings in Resources */,
				00913A16187AD20100746CE4 /* car1.png in Resources */,
				00913A1A187AD20100746CE4 /* car5.png in Resources */,
				009139ED187AD1CE00746CE4 /* Main.storyboard in Resources */,
			);
			runOnlyForDeploymentPostprocessing = 0;
		};
		009139F5187AD1CE00746CE4 /* Resources */ = {
			isa = PBXResourcesBuildPhase;
			buildActionMask = 2147483647;
			files = (
				00913A03187AD1CE00746CE4 /* InfoPlist.strings in Resources */,
			);
			runOnlyForDeploymentPostprocessing = 0;
		};
/* End PBXResourcesBuildPhase section */

/* Begin PBXSourcesBuildPhase section */
		009139D2187AD1CE00746CE4 /* Sources */ = {
			isa = PBXSourcesBuildPhase;
			buildActionMask = 2147483647;
			files = (
				00913A24187AD2AE00746CE4 /* ProductCell.m in Sources */,
				009139F0187AD1CE00746CE4 /* ViewController.m in Sources */,
				00913A10187AD1FC00746CE4 /* Product.m in Sources */,
				009139EA187AD1CE00746CE4 /* AppDelegate.m in Sources */,
				009139E6187AD1CE00746CE4 /* main.m in Sources */,
			);
			runOnlyForDeploymentPostprocessing = 0;
		};
		009139F3187AD1CE00746CE4 /* Sources */ = {
			isa = PBXSourcesBuildPhase;
			buildActionMask = 2147483647;
			files = (
				00913A05187AD1CE00746CE4 /* p201CartProductCellTests.m in Sources */,
			);
			runOnlyForDeploymentPostprocessing = 0;
		};
/* End PBXSourcesBuildPhase section */

/* Begin PBXTargetDependency section */
		009139FD187AD1CE00746CE4 /* PBXTargetDependency */ = {
			isa = PBXTargetDependency;
			target = 009139D5187AD1CE00746CE4 /* p201CartProductCell */;
			targetProxy = 009139FC187AD1CE00746CE4 /* PBXContainerItemProxy */;
		};
/* End PBXTargetDependency section */

/* Begin PBXVariantGroup section */
		009139E2187AD1CE00746CE4 /* InfoPlist.strings */ = {
			isa = PBXVariantGroup;
			children = (
				009139E3187AD1CE00746CE4 /* en */,
			);
			name = InfoPlist.strings;
			sourceTree = "<group>";
		};
		009139EB187AD1CE00746CE4 /* Main.storyboard */ = {
			isa = PBXVariantGroup;
			children = (
				009139EC187AD1CE00746CE4 /* Base */,
			);
			name = Main.storyboard;
			sourceTree = "<group>";
		};
		00913A01187AD1CE00746CE4 /* InfoPlist.strings */ = {
			isa = PBXVariantGroup;
			children = (
				00913A02187AD1CE00746CE4 /* en */,
			);
			name = InfoPlist.strings;
			sourceTree = "<group>";
		};
/* End PBXVariantGroup section */

/* Begin XCBuildConfiguration section */
		00913A06187AD1CE00746CE4 /* Debug */ = {
			isa = XCBuildConfiguration;
			buildSettings = {
				ALWAYS_SEARCH_USER_PATHS = NO;
				ARCHS = "$(ARCHS_STANDARD_INCLUDING_64_BIT)";
				CLANG_CXX_LANGUAGE_STANDARD = "gnu++0x";
				CLANG_CXX_LIBRARY = "libc++";
				CLANG_ENABLE_MODULES = YES;
				CLANG_ENABLE_OBJC_ARC = YES;
				CLANG_WARN_BOOL_CONVERSION = YES;
				CLANG_WARN_CONSTANT_CONVERSION = YES;
				CLANG_WARN_DIRECT_OBJC_ISA_USAGE = YES_ERROR;
				CLANG_WARN_EMPTY_BODY = YES;
				CLANG_WARN_ENUM_CONVERSION = YES;
				CLANG_WARN_INT_CONVERSION = YES;
				CLANG_WARN_OBJC_ROOT_CLASS = YES_ERROR;
				CLANG_WARN__DUPLICATE_METHOD_MATCH = YES;
				"CODE_SIGN_IDENTITY[sdk=iphoneos*]" = "iPhone Developer";
				COPY_PHASE_STRIP = NO;
				GCC_C_LANGUAGE_STANDARD = gnu99;
				GCC_DYNAMIC_NO_PIC = NO;
				GCC_OPTIMIZATION_LEVEL = 0;
				GCC_PREPROCESSOR_DEFINITIONS = (
					"DEBUG=1",
					"$(inherited)",
				);
				GCC_SYMBOLS_PRIVATE_EXTERN = NO;
				GCC_WARN_64_TO_32_BIT_CONVERSION = YES;
				GCC_WARN_ABOUT_RETURN_TYPE = YES_ERROR;
				GCC_WARN_UNDECLARED_SELECTOR = YES;
				GCC_WARN_UNINITIALIZED_AUTOS = YES;
				GCC_WARN_UNUSED_FUNCTION = YES;
				GCC_WARN_UNUSED_VARIABLE = YES;
				IPHONEOS_DEPLOYMENT_TARGET = 7.0;
				ONLY_ACTIVE_ARCH = YES;
				SDKROOT = iphoneos;
			};
			name = Debug;
		};
		00913A07187AD1CE00746CE4 /* Release */ = {
			isa = XCBuildConfiguration;
			buildSettings = {
				ALWAYS_SEARCH_USER_PATHS = NO;
				ARCHS = "$(ARCHS_STANDARD_INCLUDING_64_BIT)";
				CLANG_CXX_LANGUAGE_STANDARD = "gnu++0x";
				CLANG_CXX_LIBRARY = "libc++";
				CLANG_ENABLE_MODULES = YES;
				CLANG_ENABLE_OBJC_ARC = YES;
				CLANG_WARN_BOOL_CONVERSION = YES;
				CLANG_WARN_CONSTANT_CONVERSION = YES;
				CLANG_WARN_DIRECT_OBJC_ISA_USAGE = YES_ERROR;
				CLANG_WARN_EMPTY_BODY = YES;
				CLANG_WARN_ENUM_CONVERSION = YES;
				CLANG_WARN_INT_CONVERSION = YES;
				CLANG_WARN_OBJC_ROOT_CLASS = YES_ERROR;
				CLANG_WARN__DUPLICATE_METHOD_MATCH = YES;
				"CODE_SIGN_IDENTITY[sdk=iphoneos*]" = "iPhone Developer";
				COPY_PHASE_STRIP = YES;
				ENABLE_NS_ASSERTIONS = NO;
				GCC_C_LANGUAGE_STANDARD = gnu99;
				GCC_WARN_64_TO_32_BIT_CONVERSION = YES;
				GCC_WARN_ABOUT_RETURN_TYPE = YES_ERROR;
				GCC_WARN_UNDECLARED_SELECTOR = YES;
				GCC_WARN_UNINITIALIZED_AUTOS = YES;
				GCC_WARN_UNUSED_FUNCTION = YES;
				GCC_WARN_UNUSED_VARIABLE = YES;
				IPHONEOS_DEPLOYMENT_TARGET = 7.0;
				SDKROOT = iphoneos;
				VALIDATE_PRODUCT = YES;
			};
			name = Release;
		};
		00913A09187AD1CE00746CE4 /* Debug */ = {
			isa = XCBuildConfiguration;
			buildSettings = {
				ASSETCATALOG_COMPILER_APPICON_NAME = AppIcon;
				ASSETCATALOG_COMPILER_LAUNCHIMAGE_NAME = LaunchImage;
				GCC_PRECOMPILE_PREFIX_HEADER = YES;
				GCC_PREFIX_HEADER = "p201CartProductCell/p201CartProductCell-Prefix.pch";
				INFOPLIST_FILE = "p201CartProductCell/p201CartProductCell-Info.plist";
				PRODUCT_NAME = "$(TARGET_NAME)";
				WRAPPER_EXTENSION = app;
			};
			name = Debug;
		};
		00913A0A187AD1CE00746CE4 /* Release */ = {
			isa = XCBuildConfiguration;
			buildSettings = {
				ASSETCATALOG_COMPILER_APPICON_NAME = AppIcon;
				ASSETCATALOG_COMPILER_LAUNCHIMAGE_NAME = LaunchImage;
				GCC_PRECOMPILE_PREFIX_HEADER = YES;
				GCC_PREFIX_HEADER = "p201CartProductCell/p201CartProductCell-Prefix.pch";
				INFOPLIST_FILE = "p201CartProductCell/p201CartProductCell-Info.plist";
				PRODUCT_NAME = "$(TARGET_NAME)";
				WRAPPER_EXTENSION = app;
			};
			name = Release;
		};
		00913A0C187AD1CE00746CE4 /* Debug */ = {
			isa = XCBuildConfiguration;
			buildSettings = {
				ARCHS = "$(ARCHS_STANDARD_INCLUDING_64_BIT)";
				BUNDLE_LOADER = "$(BUILT_PRODUCTS_DIR)/p201CartProductCell.app/p201CartProductCell";
				FRAMEWORK_SEARCH_PATHS = (
					"$(SDKROOT)/Developer/Library/Frameworks",
					"$(inherited)",
					"$(DEVELOPER_FRAMEWORKS_DIR)",
				);
				GCC_PRECOMPILE_PREFIX_HEADER = YES;
				GCC_PREFIX_HEADER = "p201CartProductCell/p201CartProductCell-Prefix.pch";
				GCC_PREPROCESSOR_DEFINITIONS = (
					"DEBUG=1",
					"$(inherited)",
				);
				INFOPLIST_FILE = "p201CartProductCellTests/p201CartProductCellTests-Info.plist";
				PRODUCT_NAME = "$(TARGET_NAME)";
				TEST_HOST = "$(BUNDLE_LOADER)";
				WRAPPER_EXTENSION = xctest;
			};
			name = Debug;
		};
		00913A0D187AD1CE00746CE4 /* Release */ = {
			isa = XCBuildConfiguration;
			buildSettings = {
				ARCHS = "$(ARCHS_STANDARD_INCLUDING_64_BIT)";
				BUNDLE_LOADER = "$(BUILT_PRODUCTS_DIR)/p201CartProductCell.app/p201CartProductCell";
				FRAMEWORK_SEARCH_PATHS = (
					"$(SDKROOT)/Developer/Library/Frameworks",
					"$(inherited)",
					"$(DEVELOPER_FRAMEWORKS_DIR)",
				);
				GCC_PRECOMPILE_PREFIX_HEADER = YES;
				GCC_PREFIX_HEADER = "p201CartProductCell/p201CartProductCell-Prefix.pch";
				INFOPLIST_FILE = "p201CartProductCellTests/p201CartProductCellTests-Info.plist";
				PRODUCT_NAME = "$(TARGET_NAME)";
				TEST_HOST = "$(BUNDLE_LOADER)";
				WRAPPER_EXTENSION = xctest;
			};
			name = Release;
		};
/* End XCBuildConfiguration section */

/* Begin XCConfigurationList section */
		009139D1187AD1CD00746CE4 /* Build configuration list for PBXProject "p201CartProductCell" */ = {
			isa = XCConfigurationList;
			buildConfigurations = (
				00913A06187AD1CE00746CE4 /* Debug */,
				00913A07187AD1CE00746CE4 /* Release */,
			);
			defaultConfigurationIsVisible = 0;
			defaultConfigurationName = Release;
		};
		00913A08187AD1CE00746CE4 /* Build configuration list for PBXNativeTarget "p201CartProductCell" */ = {
			isa = XCConfigurationList;
			buildConfigurations = (
				00913A09187AD1CE00746CE4 /* Debug */,
				00913A0A187AD1CE00746CE4 /* Release */,
			);
			defaultConfigurationIsVisible = 0;
		};
		00913A0B187AD1CE00746CE4 /* Build configuration list for PBXNativeTarget "p201CartProductCellTests" */ = {
			isa = XCConfigurationList;
			buildConfigurations = (
				00913A0C187AD1CE00746CE4 /* Debug */,
				00913A0D187AD1CE00746CE4 /* Release */,
			);
			defaultConfigurationIsVisible = 0;
		};
/* End XCConfigurationList section */
	};
	rootObject = 009139CE187AD1CD00746CE4 /* Project object */;
}
